
Microsoft Visual Studio Solution File, Format Version 12.00
# Visual Studio 2013
VisualStudioVersion = 12.0.40629.0
MinimumVisualStudioVersion = 10.0.40219.1
Project("{FAE04EC0-301F-11D3-BF4B-00C04F79EFBC}") = "Section10-12", "Section10-12.csproj", "{C61CCDE8-1F36-4A3F-9C3D-257A19BC1193}"
EndProject
Global
	GlobalSection(SolutionConfigurationPlatforms) = preSolution
		Debug|Any CPU = Debug|Any CPU
		Release|Any CPU = Release|Any CPU
	EndGlobalSection
	GlobalSection(ProjectConfigurationPlatforms) = postSolution
		{C61CCDE8-1F36-4A3F-9C3D-257A19BC1193}.Debug|Any CPU.ActiveCfg = Debug|Any CPU
		{C61CCDE8-1F36-4A3F-9C3D-257A19BC1193}.Debug|Any CPU.Build.0 = Debug|Any CPU
		{C61CCDE8-1F36-4A3F-9C3D-257A19BC1193}.Release|Any CPU.ActiveCfg = Release|Any CPU
		{C61CCDE8-1F36-4A3F-9C3D-257A19BC1193}.Release|Any CPU.Build.0 = Release|Any CPU
	EndGlobalSection
	GlobalSection(SolutionProperties) = preSolution
		HideSolutionNode = FALSE
	EndGlobalSection
EndGlobal
